
Microsoft Visual Studio Solution File, Format Version 12.00
Project("{FAE04EC0-301F-11D3-BF4B-00C04F79EFBC}") = "TempleOfDoom.ConsoleApp", "TempleOfDoom.ConsoleApp\TempleOfDoom.ConsoleApp.csproj", "{3967C762-E186-4A9C-AA99-3722A87BD849}"
EndProject
Project("{FAE04EC0-301F-11D3-BF4B-00C04F79EFBC}") = "TempleOfDoom.Data", "TempleOfDoom.Data\TempleOfDoom.Data.csproj", "{1AF3F9D4-B635-4766-94EC-88FFF8A64C3D}"
EndProject
Project("{FAE04EC0-301F-11D3-BF4B-00C04F79EFBC}") = "TempleOfDoom.UI", "TempleOfDoom.UI\TempleOfDoom.UI.csproj", "{5989BCA8-C1E1-4B83-823E-0580868CB3F1}"
EndProject
Project("{FAE04EC0-301F-11D3-BF4B-00C04F79EFBC}") = "TempleOfDoom.Logic", "TempleOfDoom.Logic\TempleOfDoom.Logic.csproj", "{2943E780-B125-4E4C-BD13-2972C136DDC6}"
EndProject
Global
	GlobalSection(SolutionConfigurationPlatforms) = preSolution
		Debug|Any CPU = Debug|Any CPU
		Release|Any CPU = Release|Any CPU
	EndGlobalSection
	GlobalSection(ProjectConfigurationPlatforms) = postSolution
		{3967C762-E186-4A9C-AA99-3722A87BD849}.Debug|Any CPU.ActiveCfg = Debug|Any CPU
		{3967C762-E186-4A9C-AA99-3722A87BD849}.Debug|Any CPU.Build.0 = Debug|Any CPU
		{3967C762-E186-4A9C-AA99-3722A87BD849}.Release|Any CPU.ActiveCfg = Release|Any CPU
		{3967C762-E186-4A9C-AA99-3722A87BD849}.Release|Any CPU.Build.0 = Release|Any CPU
		{1AF3F9D4-B635-4766-94EC-88FFF8A64C3D}.Debug|Any CPU.ActiveCfg = Debug|Any CPU
		{1AF3F9D4-B635-4766-94EC-88FFF8A64C3D}.Debug|Any CPU.Build.0 = Debug|Any CPU
		{1AF3F9D4-B635-4766-94EC-88FFF8A64C3D}.Release|Any CPU.ActiveCfg = Release|Any CPU
		{1AF3F9D4-B635-4766-94EC-88FFF8A64C3D}.Release|Any CPU.Build.0 = Release|Any CPU
		{5989BCA8-C1E1-4B83-823E-0580868CB3F1}.Debug|Any CPU.ActiveCfg = Debug|Any CPU
		{5989BCA8-C1E1-4B83-823E-0580868CB3F1}.Debug|Any CPU.Build.0 = Debug|Any CPU
		{5989BCA8-C1E1-4B83-823E-0580868CB3F1}.Release|Any CPU.ActiveCfg = Release|Any CPU
		{5989BCA8-C1E1-4B83-823E-0580868CB3F1}.Release|Any CPU.Build.0 = Release|Any CPU
		{2943E780-B125-4E4C-BD13-2972C136DDC6}.Debug|Any CPU.ActiveCfg = Debug|Any CPU
		{2943E780-B125-4E4C-BD13-2972C136DDC6}.Debug|Any CPU.Build.0 = Debug|Any CPU
		{2943E780-B125-4E4C-BD13-2972C136DDC6}.Release|Any CPU.ActiveCfg = Release|Any CPU
		{2943E780-B125-4E4C-BD13-2972C136DDC6}.Release|Any CPU.Build.0 = Release|Any CPU
	EndGlobalSection
EndGlobal
